{
  "name": "awly-skeleton",
  "version": "1.0.0",
  "lockfileVersion": 1,
  "requires": true,
  "dependencies": {
    "@types/async": {
      "version": "2.0.49",
      "resolved": "https://registry.npmjs.org/@types/async/-/async-2.0.49.tgz",
      "integrity": "sha512-Benr3i5odUkvpFkOpzGqrltGdbSs+EVCkEBGXbuR7uT0VzhXKIkhem6PDzHdx5EonA+rfbB3QvP6aDOw5+zp5Q==",
      "optional": true
    },
    "@types/graphql": {
      "version": "0.12.6",
      "resolved": "https://registry.npmjs.org/@types/graphql/-/graphql-0.12.6.tgz",
      "integrity": "sha512-wXAVyLfkG1UMkKOdMijVWFky39+OD/41KftzqfX1Oejd0Gm6dOIKjCihSVECg6X7PHjftxXmfOKA/d1H79ZfvQ=="
    },
    "@types/zen-observable": {
      "version": "0.8.0",
      "resolved": "https://registry.npmjs.org/@types/zen-observable/-/zen-observable-0.8.0.tgz",
      "integrity": "sha512-te5lMAWii1uEJ4FwLjzdlbw3+n0FZNOvFXHxQDKeT0dilh7HOzdMzV2TrJVUzq8ep7J4Na8OUYPRLSQkJHAlrg=="
    },
    "apollo-cache": {
      "version": "1.1.13",
      "resolved": "https://registry.npmjs.org/apollo-cache/-/apollo-cache-1.1.13.tgz",
      "integrity": "sha512-hkQESJLYFH7p6m3IfBV3JAPBtKcQjN+6ophh02qu5eKW7GuBFQpJbeVKTBTDc0FKulHsUw78HptqvVJxFtJOig==",
      "requires": {
        "apollo-utilities": "^1.0.17"
      }
    },
    "apollo-cache-inmemory": {
      "version": "1.2.6",
      "resolved": "https://registry.npmjs.org/apollo-cache-inmemory/-/apollo-cache-inmemory-1.2.6.tgz",
      "integrity": "sha512-Hz4VMfOz0iVtqAHQQWbkhBkVEDxrIPkc77poEfW1/Xq2snloAYD0o78yRQS+PrLuq2irlnL3Q/aVgrKC0uUcgA==",
      "requires": {
        "apollo-cache": "^1.1.13",
        "apollo-utilities": "^1.0.17",
        "graphql-anywhere": "^4.1.15"
      }
    },
    "apollo-client": {
      "version": "2.3.7",
      "resolved": "https://registry.npmjs.org/apollo-client/-/apollo-client-2.3.7.tgz",
      "integrity": "sha512-d9JMPS1UObBjc+wOXMvpQC/ZkR9ZtOAVuBftcdCjqDARWi7HywHP8TCT87Awf3p8iiSc3FEMYQns5cprzNShnA==",
      "requires": {
        "@types/async": "2.0.49",
        "@types/zen-observable": "^0.8.0",
        "apollo-cache": "^1.1.13",
        "apollo-link": "^1.0.0",
        "apollo-link-dedup": "^1.0.0",
        "apollo-utilities": "^1.0.17",
        "symbol-observable": "^1.0.2",
        "zen-observable": "^0.8.0"
      }
    },
    "apollo-link": {
      "version": "1.2.2",
      "resolved": "https://registry.npmjs.org/apollo-link/-/apollo-link-1.2.2.tgz",
      "integrity": "sha512-Uk/BC09dm61DZRDSu52nGq0nFhq7mcBPTjy5EEH1eunJndtCaNXQhQz/BjkI2NdrfGI+B+i5he6YSoRBhYizdw==",
      "requires": {
        "@types/graphql": "0.12.6",
        "apollo-utilities": "^1.0.0",
        "zen-observable-ts": "^0.8.9"
      }
    },
    "apollo-link-dedup": {
      "version": "1.0.9",
      "resolved": "https://registry.npmjs.org/apollo-link-dedup/-/apollo-link-dedup-1.0.9.tgz",
      "integrity": "sha512-RbuEKpmSHVMtoREMPh2wUFTeh65q+0XPVeqgaOP/rGEAfvLyOMvX0vT2nVaejMohoMxuUnfZwpldXaDFWnlVbg==",
      "requires": {
        "apollo-link": "^1.2.2"
      }
    },
    "apollo-link-http": {
      "version": "1.5.4",
      "resolved": "https://registry.npmjs.org/apollo-link-http/-/apollo-link-http-1.5.4.tgz",
      "integrity": "sha512-e9Ng3HfnW00Mh3TI6DhNRfozmzQOtKgdi+qUAsHBOEcTP0PTAmb+9XpeyEEOueLyO0GXhB92HUCIhzrWMXgwyg==",
      "requires": {
        "apollo-link": "^1.2.2",
        "apollo-link-http-common": "^0.2.4"
      }
    },
    "apollo-link-http-common": {
      "version": "0.2.4",
      "resolved": "https://registry.npmjs.org/apollo-link-http-common/-/apollo-link-http-common-0.2.4.tgz",
      "integrity": "sha512-4j6o6WoXuSPen9xh4NBaX8/vL98X1xY2cYzUEK1F8SzvHe2oFONfxJBTekwU8hnvapcuq8Qh9Uct+gelu8T10g==",
      "requires": {
        "apollo-link": "^1.2.2"
      }
    },
    "apollo-link-local": {
      "version": "1.0.3",
      "resolved": "https://registry.npmjs.org/apollo-link-local/-/apollo-link-local-1.0.3.tgz",
      "integrity": "sha512-1o6TJ8AC8OeHhjf1m0t3KAcJarXDqs4wzhIrLud4SqJnbQH5cQuswvRjnFPwdjGQ9s7YF+nKTgYsqSt1VoXS8A==",
      "requires": {
        "apollo-link": "^1.0.3",
        "graphql": "^0.11.7"
      },
      "dependencies": {
        "iterall": {
          "version": "https://registry.npmjs.org/iterall/-/iterall-1.1.3.tgz",
          "integrity": "sha512-Cu/kb+4HiNSejAPhSaN1VukdNTTi/r4/e+yykqjlG/IW+1gZH5b4+Bq3whDX4tvbYugta3r8KTMUiqT3fIGxuQ=="
        }
      }
    },
    "apollo-utilities": {
      "version": "1.0.17",
      "resolved": "https://registry.npmjs.org/apollo-utilities/-/apollo-utilities-1.0.17.tgz",
      "integrity": "sha512-Mm8pS48QVV/CUbcUFN5TmbkdjIJtYw99qVqbBHnIwL8x0H2RW0NpzASpC+5+qSxD1sKNLUl9pA6F5Et/0bbaVg==",
      "requires": {
        "fast-json-stable-stringify": "^2.0.0"
      }
    },
    "app-module-path": {
      "version": "2.2.0",
      "resolved": "https://registry.npmjs.org/app-module-path/-/app-module-path-2.2.0.tgz",
      "integrity": "sha1-ZBqlXft9am8KgUHEucCqULbCTdU="
    },
    "argly": {
      "version": "1.2.0",
      "resolved": "https://registry.npmjs.org/argly/-/argly-1.2.0.tgz",
      "integrity": "sha1-KydORVGin/XnGZ0u2XiOtm7TbmA="
    },
    "assertion-error": {
      "version": "1.1.0",
      "resolved": "https://registry.npmjs.org/assertion-error/-/assertion-error-1.1.0.tgz",
      "integrity": "sha512-jgsaNduz+ndvGyFt3uSuWqvy4lCnIJiovtouQN5JZHOKCS2QuhEdbcQHFhVksz2N2U9hXJo8odG7ETyWlEeuDw=="
    },
    "balanced-match": {
      "version": "0.4.2",
      "resolved": "https://registry.npmjs.org/balanced-match/-/balanced-match-0.4.2.tgz",
      "integrity": "sha1-yz8+PHMtwPAe5wtAPzAuYddwmDg="
    },
    "brace-expansion": {
      "version": "1.1.7",
      "resolved": "https://registry.npmjs.org/brace-expansion/-/brace-expansion-1.1.7.tgz",
      "integrity": "sha1-Pv/DxQ4ABTH7cg6v+A8K6O8jz1k=",
      "requires": {
        "balanced-match": "^0.4.1",
        "concat-map": "0.0.1"
      }
    },
    "browser-refresh-client": {
      "version": "1.1.4",
      "resolved": "https://registry.npmjs.org/browser-refresh-client/-/browser-refresh-client-1.1.4.tgz",
      "integrity": "sha1-jl/4R1/h1UHSroH3oa6gWuIaYhc="
    },
    "buffer-equal-constant-time": {
      "version": "1.0.1",
      "resolved": "https://registry.npmjs.org/buffer-equal-constant-time/-/buffer-equal-constant-time-1.0.1.tgz",
      "integrity": "sha1-+OcRMvf/5uAaXJaXpMbz5I1cyBk="
    },
    "chai": {
      "version": "3.5.0",
      "resolved": "https://registry.npmjs.org/chai/-/chai-3.5.0.tgz",
      "integrity": "sha1-TQJjewZ/6Vi9v906QOxW/vc3Mkc=",
      "requires": {
        "assertion-error": "^1.0.1",
        "deep-eql": "^0.1.3",
        "type-detect": "^1.0.0"
      }
    },
    "char-props": {
      "version": "0.1.5",
      "resolved": "https://registry.npmjs.org/char-props/-/char-props-0.1.5.tgz",
      "integrity": "sha1-W5UvniDqIc0Iyn/hNaEPb+kcEJ4="
    },
    "class-validator": {
      "version": "0.9.1",
      "resolved": "https://registry.npmjs.org/class-validator/-/class-validator-0.9.1.tgz",
      "integrity": "sha512-3wApflrd3ywVZyx4jaasGoFt8pmo4aGLPPAEKCKCsTRWVGPilahD88q3jQjRQwja50rl9a7rsP5LAxJYwGK8/Q==",
      "requires": {
        "google-libphonenumber": "^3.1.6",
        "validator": "10.4.0"
      }
    },
    "complain": {
      "version": "1.3.0",
      "resolved": "https://registry.npmjs.org/complain/-/complain-1.3.0.tgz",
      "integrity": "sha512-PA9uGpaS4BXKrhFx3rl2nZMWySnGoW1pWf+dpBqNdDx3uR6PA0EPxjD17H9OxvW5w/bODBSziQ516Guf59rW+w==",
      "requires": {
        "error-stack-parser": "^2.0.1"
      }
    },
    "concat-map": {
      "version": "0.0.1",
      "resolved": "https://registry.npmjs.org/concat-map/-/concat-map-0.0.1.tgz",
      "integrity": "sha1-2Klr13/Wjfd5OnMDajug1UBdR3s="
    },
    "deep-eql": {
      "version": "0.1.3",
      "resolved": "https://registry.npmjs.org/deep-eql/-/deep-eql-0.1.3.tgz",
      "integrity": "sha1-71WKyrjeJSBs1xOQbXTlaTDrafI=",
      "requires": {
        "type-detect": "0.1.1"
      },
      "dependencies": {
        "type-detect": {
          "version": "0.1.1",
          "resolved": "https://registry.npmjs.org/type-detect/-/type-detect-0.1.1.tgz",
          "integrity": "sha1-C6XsKohWQORw6k6FBZcZANrFiCI="
        }
      }
    },
    "deep-is": {
      "version": "0.1.3",
      "resolved": "https://registry.npmjs.org/deep-is/-/deep-is-0.1.3.tgz",
      "integrity": "sha1-s2nW+128E+7PUk+RsHD+7cNXzzQ="
    },
    "deprecated-decorator": {
      "version": "0.1.6",
      "resolved": "https://registry.npmjs.org/deprecated-decorator/-/deprecated-decorator-0.1.6.tgz",
      "integrity": "sha1-AJZjF7ehL+kvPMgx91g68ym4bDc="
    },
    "deresolve": {
      "version": "1.1.2",
      "resolved": "https://registry.npmjs.org/deresolve/-/deresolve-1.1.2.tgz",
      "integrity": "sha1-nPI3nI0tYx3EuZVylLkOSnLLbOA=",
      "requires": {
        "lasso-package-root": "^1.0.0",
        "raptor-polyfill": "^1.0.2",
        "resolve-from": "^1.0.1"
      },
      "dependencies": {
        "resolve-from": {
          "version": "1.0.1",
          "resolved": "https://registry.npmjs.org/resolve-from/-/resolve-from-1.0.1.tgz",
          "integrity": "sha1-Jsv+k10a7uq7Kbw/5a6wHpPUQiY="
        }
      }
    },
    "ecdsa-sig-formatter": {
      "version": "1.0.10",
      "resolved": "https://registry.npmjs.org/ecdsa-sig-formatter/-/ecdsa-sig-formatter-1.0.10.tgz",
      "integrity": "sha1-HFlQAPBKiJffuFAAiSoPTDOvhsM=",
      "requires": {
        "safe-buffer": "^5.0.1"
      }
    },
    "error-stack-parser": {
      "version": "2.0.2",
      "resolved": "https://registry.npmjs.org/error-stack-parser/-/error-stack-parser-2.0.2.tgz",
      "integrity": "sha512-E1fPutRDdIj/hohG0UpT5mayXNCxXP9d+snxFsPU9X0XgccOumKraa3juDMwTUyi7+Bu5+mCGagjg4IYeNbOdw==",
      "requires": {
        "stackframe": "^1.0.4"
      }
    },
    "escodegen": {
      "version": "1.11.0",
      "resolved": "https://registry.npmjs.org/escodegen/-/escodegen-1.11.0.tgz",
      "integrity": "sha512-IeMV45ReixHS53K/OmfKAIztN/igDHzTJUhZM3k1jMhIZWjk45SMwAtBsEXiJp3vSPmTcu6CXn7mDvFHRN66fw==",
      "requires": {
        "esprima": "^3.1.3",
        "estraverse": "^4.2.0",
        "esutils": "^2.0.2",
        "optionator": "^0.8.1",
        "source-map": "~0.6.1"
      },
      "dependencies": {
        "esprima": {
          "version": "3.1.3",
          "resolved": "https://registry.npmjs.org/esprima/-/esprima-3.1.3.tgz",
          "integrity": "sha1-/cpRzuYTOJXjyI1TXOSdv/YqRjM="
        }
      }
    },
    "esprima": {
      "version": "4.0.0",
      "resolved": "https://registry.npmjs.org/esprima/-/esprima-4.0.0.tgz",
      "integrity": "sha512-oftTcaMu/EGrEIu904mWteKIv8vMuOgGYo7EhVJJN00R/EED9DCua/xxHRdYnKtcECzVg7xOWhflvJMnqcFZjw=="
    },
    "estraverse": {
      "version": "4.2.0",
      "resolved": "https://registry.npmjs.org/estraverse/-/estraverse-4.2.0.tgz",
      "integrity": "sha1-De4/7TH81GlhjOc0IJn8GvoL2xM="
    },
    "esutils": {
      "version": "2.0.2",
      "resolved": "https://registry.npmjs.org/esutils/-/esutils-2.0.2.tgz",
      "integrity": "sha1-Cr9PHKpbyx96nYrMbepPqqBLrJs="
    },
    "events": {
      "version": "1.1.1",
      "resolved": "https://registry.npmjs.org/events/-/events-1.1.1.tgz",
      "integrity": "sha1-nr23Y1rQmccNzEwqH1AEKI6L2SQ="
    },
    "events-light": {
      "version": "1.0.5",
      "resolved": "https://registry.npmjs.org/events-light/-/events-light-1.0.5.tgz",
      "integrity": "sha1-lk5jRQugr0prAiqpVbF//vZXte4=",
      "requires": {
        "chai": "^3.5.0"
      }
    },
    "fast-json-stable-stringify": {
      "version": "2.0.0",
      "resolved": "https://registry.npmjs.org/fast-json-stable-stringify/-/fast-json-stable-stringify-2.0.0.tgz",
      "integrity": "sha1-1RQsDK7msRifh9OnYREGT4bIu/I="
    },
    "fast-levenshtein": {
      "version": "2.0.6",
      "resolved": "https://registry.npmjs.org/fast-levenshtein/-/fast-levenshtein-2.0.6.tgz",
      "integrity": "sha1-PYpcZog6FqMMqGQ+hR8Zuqd5eRc="
    },
    "google-libphonenumber": {
      "version": "3.1.11",
      "resolved": "https://registry.npmjs.org/google-libphonenumber/-/google-libphonenumber-3.1.11.tgz",
      "integrity": "sha512-i5gPUiHT1L8PMhJA3u1Bno2gXU6Ec9mP05J0wxNFk5tfuJNyE14HqlVCCP/i1zwRKl0iIGKrAc5s9YlyzTSF8w=="
    },
    "graphql": {
      "version": "0.11.7",
      "resolved": "https://registry.npmjs.org/graphql/-/graphql-0.11.7.tgz",
      "integrity": "sha512-x7uDjyz8Jx+QPbpCFCMQ8lltnQa4p4vSYHx6ADe8rVYRTdsyhCJbvSty5DAsLVmU6cGakl+r8HQYolKHxk/tiw==",
      "requires": {
        "iterall": "1.1.3"
      },
      "dependencies": {
        "iterall": {
          "version": "1.1.3",
          "resolved": "https://registry.npmjs.org/iterall/-/iterall-1.1.3.tgz",
          "integrity": "sha512-Cu/kb+4HiNSejAPhSaN1VukdNTTi/r4/e+yykqjlG/IW+1gZH5b4+Bq3whDX4tvbYugta3r8KTMUiqT3fIGxuQ=="
        }
      }
    },
    "graphql-anywhere": {
      "version": "4.1.15",
      "resolved": "https://registry.npmjs.org/graphql-anywhere/-/graphql-anywhere-4.1.15.tgz",
      "integrity": "sha512-yeGrsMQaGEz7VZTH5gA/easEkDmFkmqudYltYyYdvIXXlsYy5XAUBwaIlahJMKaBaXTfkPUY6Y+0RaPP+P0zvQ==",
      "requires": {
        "apollo-utilities": "^1.0.17"
      }
    },
    "graphql-tag": {
      "version": "2.9.2",
      "resolved": "https://registry.npmjs.org/graphql-tag/-/graphql-tag-2.9.2.tgz",
      "integrity": "sha512-qnNmof9pAqj/LUzs3lStP0Gw1qhdVCUS7Ab7+SUB6KD5aX1uqxWQRwMnOGTkhKuLvLNIs1TvNz+iS9kUGl1MhA=="
    },
    "graphql-tools": {
      "version": "2.24.0",
      "resolved": "https://registry.npmjs.org/graphql-tools/-/graphql-tools-2.24.0.tgz",
      "integrity": "sha512-Mz9I7jyizrd+RafC/5EogJKTVzBbIddDCrW0sP5QLmsVVM3ujfhqVYu2lEXOaJW8Sy18f3ZICHirmKcn6oMAcA==",
      "requires": {
        "apollo-link": "^1.2.1",
        "apollo-utilities": "^1.0.1",
        "deprecated-decorator": "^0.1.6",
        "iterall": "^1.1.3",
        "uuid": "^3.1.0"
      }
    },
    "he": {
      "version": "1.1.1",
      "resolved": "https://registry.npmjs.org/he/-/he-1.1.1.tgz",
      "integrity": "sha1-k0EP0hsAlzUVH4howvJx80J+I/0="
    },
    "htmljs-parser": {
      "version": "2.3.2",
      "resolved": "https://registry.npmjs.org/htmljs-parser/-/htmljs-parser-2.3.2.tgz",
      "integrity": "sha1-HMW/mCSgkcKIILM+r3gIOo6qhWw=",
      "requires": {
        "char-props": "^0.1.5",
        "complain": "^1.0.0"
      }
    },
    "iterall": {
      "version": "1.2.2",
      "resolved": "https://registry.npmjs.org/iterall/-/iterall-1.2.2.tgz",
      "integrity": "sha512-yynBb1g+RFUPY64fTrFv7nsjRrENBQJaX2UL+2Szc9REFrSNm1rpSXHGzhmAy7a9uv3vlvgBlXnf9RqmPH1/DA=="
    },
    "jsonwebtoken": {
      "version": "8.3.0",
      "resolved": "https://registry.npmjs.org/jsonwebtoken/-/jsonwebtoken-8.3.0.tgz",
      "integrity": "sha512-oge/hvlmeJCH+iIz1DwcO7vKPkNGJHhgkspk8OH3VKlw+mbi42WtD4ig1+VXRln765vxptAv+xT26Fd3cteqag==",
      "requires": {
        "jws": "^3.1.5",
        "lodash.includes": "^4.3.0",
        "lodash.isboolean": "^3.0.3",
        "lodash.isinteger": "^4.0.4",
        "lodash.isnumber": "^3.0.3",
        "lodash.isplainobject": "^4.0.6",
        "lodash.isstring": "^4.0.1",
        "lodash.once": "^4.0.0",
        "ms": "^2.1.1"
      }
    },
    "jwa": {
      "version": "1.1.6",
      "resolved": "https://registry.npmjs.org/jwa/-/jwa-1.1.6.tgz",
      "integrity": "sha512-tBO/cf++BUsJkYql/kBbJroKOgHWEigTKBAjjBEmrMGYd1QMBC74Hr4Wo2zCZw6ZrVhlJPvoMrkcOnlWR/DJfw==",
      "requires": {
        "buffer-equal-constant-time": "1.0.1",
        "ecdsa-sig-formatter": "1.0.10",
        "safe-buffer": "^5.0.1"
      }
    },
    "jws": {
      "version": "3.1.5",
      "resolved": "https://registry.npmjs.org/jws/-/jws-3.1.5.tgz",
      "integrity": "sha512-GsCSexFADNQUr8T5HPJvayTjvPIfoyJPtLQBwn5a4WZQchcrPMPMAWcC1AzJVRDKyD6ZPROPAxgv6rfHViO4uQ==",
      "requires": {
        "jwa": "^1.1.5",
        "safe-buffer": "^5.0.1"
      }
    },
    "jwt-client": {
      "version": "0.2.1",
      "resolved": "https://registry.npmjs.org/jwt-client/-/jwt-client-0.2.1.tgz",
      "integrity": "sha1-IDslA2zR/pGAjECBnS2VyEXZAAA="
    },
    "lasso-caching-fs": {
      "version": "1.0.2",
      "resolved": "https://registry.npmjs.org/lasso-caching-fs/-/lasso-caching-fs-1.0.2.tgz",
      "integrity": "sha1-m+TrHwaqwSYDRMrq70LC8AhusQ0=",
      "requires": {
        "raptor-async": "^1.1.2"
      }
    },
    "lasso-modules-client": {
      "version": "2.0.5",
      "resolved": "https://registry.npmjs.org/lasso-modules-client/-/lasso-modules-client-2.0.5.tgz",
      "integrity": "sha1-2aBnJKkAl3Y2lxZn7pwXDS/E3Sg=",
      "requires": {
        "lasso-package-root": "^1.0.0",
        "raptor-polyfill": "^1.0.2"
      }
    },
    "lasso-package-root": {
      "version": "1.0.1",
      "resolved": "https://registry.npmjs.org/lasso-package-root/-/lasso-package-root-1.0.1.tgz",
      "integrity": "sha1-mX0OcfQdA8Xw+gmlvCmNeW+LLCM=",
      "requires": {
        "lasso-caching-fs": "^1.0.0"
      }
    },
    "levn": {
      "version": "0.3.0",
      "resolved": "https://registry.npmjs.org/levn/-/levn-0.3.0.tgz",
      "integrity": "sha1-OwmSTt+fCDwEkP3UwLxEIeBHZO4=",
      "requires": {
        "prelude-ls": "~1.1.2",
        "type-check": "~0.3.2"
      }
    },
    "listener-tracker": {
      "version": "2.0.0",
      "resolved": "https://registry.npmjs.org/listener-tracker/-/listener-tracker-2.0.0.tgz",
      "integrity": "sha1-OWCLQ1wJAfpVECF8FFJyjWvBm18="
    },
    "lodash.includes": {
      "version": "4.3.0",
      "resolved": "https://registry.npmjs.org/lodash.includes/-/lodash.includes-4.3.0.tgz",
      "integrity": "sha1-YLuYqHy5I8aMoeUTJUgzFISfVT8="
    },
    "lodash.isboolean": {
      "version": "3.0.3",
      "resolved": "https://registry.npmjs.org/lodash.isboolean/-/lodash.isboolean-3.0.3.tgz",
      "integrity": "sha1-bC4XHbKiV82WgC/UOwGyDV9YcPY="
    },
    "lodash.isinteger": {
      "version": "4.0.4",
      "resolved": "https://registry.npmjs.org/lodash.isinteger/-/lodash.isinteger-4.0.4.tgz",
      "integrity": "sha1-YZwK89A/iwTDH1iChAt3sRzWg0M="
    },
    "lodash.isnumber": {
      "version": "3.0.3",
      "resolved": "https://registry.npmjs.org/lodash.isnumber/-/lodash.isnumber-3.0.3.tgz",
      "integrity": "sha1-POdoEMWSjQM1IwGsKHMX8RwLH/w="
    },
    "lodash.isplainobject": {
      "version": "4.0.6",
      "resolved": "https://registry.npmjs.org/lodash.isplainobject/-/lodash.isplainobject-4.0.6.tgz",
      "integrity": "sha1-fFJqUtibRcRcxpC4gWO+BJf1UMs="
    },
    "lodash.isstring": {
      "version": "4.0.1",
      "resolved": "https://registry.npmjs.org/lodash.isstring/-/lodash.isstring-4.0.1.tgz",
      "integrity": "sha1-1SfftUVuynzJu5XV2ur4i6VKVFE="
    },
    "lodash.once": {
      "version": "4.1.1",
      "resolved": "https://registry.npmjs.org/lodash.once/-/lodash.once-4.1.1.tgz",
      "integrity": "sha1-DdOXEhPHxW34gJd9UEyI+0cal6w="
    },
    "marked": {
      "version": "0.4.0",
      "resolved": "https://registry.npmjs.org/marked/-/marked-0.4.0.tgz",
      "integrity": "sha512-tMsdNBgOsrUophCAFQl0XPe6Zqk/uy9gnue+jIIKhykO51hxyu6uNx7zBPy0+y/WKYVZZMspV9YeXLNdKk+iYw=="
    },
    "marko": {
      "version": "git://github.com/sirceljm/marko.git#1d24af6367cfe3cc3bd8ec1f8d0166d2de08aae8",
      "from": "git://github.com/sirceljm/marko.git#server-tag_4.6.0",
      "requires": {
        "app-module-path": "^2.2.0",
        "argly": "^1.0.0",
        "browser-refresh-client": "^1.0.0",
        "char-props": "~0.1.5",
        "complain": "^1.2.0",
        "deresolve": "^1.1.2",
        "escodegen": "^1.8.1",
        "esprima": "^4.0.0",
        "estraverse": "^4.2.0",
        "events": "^1.0.2",
        "events-light": "^1.0.0",
        "he": "^1.1.0",
        "htmljs-parser": "^2.3.2",
        "lasso-caching-fs": "^1.0.1",
        "lasso-modules-client": "^2.0.3",
        "lasso-package-root": "^1.0.1",
        "listener-tracker": "^2.0.0",
        "minimatch": "^3.0.2",
        "object-assign": "^4.1.0",
        "property-handlers": "^1.0.0",
        "raptor-json": "^1.0.1",
        "raptor-polyfill": "^1.0.0",
        "raptor-promises": "^1.0.1",
        "raptor-regexp": "^1.0.0",
        "raptor-util": "^3.2.0",
        "resolve-from": "^2.0.0",
        "simple-sha1": "^2.1.0",
        "strip-json-comments": "^2.0.1",
        "try-require": "^1.2.1",
        "warp10": "^1.0.0"
      }
    },
    "minimatch": {
      "version": "3.0.4",
      "resolved": "https://registry.npmjs.org/minimatch/-/minimatch-3.0.4.tgz",
      "integrity": "sha512-yJHVQEhyqPLUTgt9B83PXu6W3rx4MvvHvSUvToogpwoGDOUQ+yDrR0HRot+yOCdCO7u4hX3pWft6kWBBcqh0UA==",
      "requires": {
        "brace-expansion": "^1.1.7"
      }
    },
    "ms": {
      "version": "2.1.1",
      "resolved": "https://registry.npmjs.org/ms/-/ms-2.1.1.tgz",
      "integrity": "sha512-tgp+dl5cGk28utYktBsrFqA7HKgrhgPsg6Z/EfhWI4gl1Hwq8B/GmY/0oXZ6nF8hDVesS/FpnYaD/kOWhYQvyg=="
    },
    "object-assign": {
      "version": "4.1.1",
      "resolved": "https://registry.npmjs.org/object-assign/-/object-assign-4.1.1.tgz",
      "integrity": "sha1-IQmtx5ZYh8/AXLvUQsrIv7s2CGM="
    },
    "optionator": {
      "version": "0.8.2",
      "resolved": "https://registry.npmjs.org/optionator/-/optionator-0.8.2.tgz",
      "integrity": "sha1-NkxeQJ0/TWMB1sC0wFu6UBgK62Q=",
      "requires": {
        "deep-is": "~0.1.3",
        "fast-levenshtein": "~2.0.4",
        "levn": "~0.3.0",
        "prelude-ls": "~1.1.2",
        "type-check": "~0.3.2",
        "wordwrap": "~1.0.0"
      }
    },
    "prelude-ls": {
      "version": "1.1.2",
      "resolved": "https://registry.npmjs.org/prelude-ls/-/prelude-ls-1.1.2.tgz",
      "integrity": "sha1-IZMqVJ9eUv/ZqCf1cOBL5iqX2lQ="
    },
    "property-handlers": {
      "version": "1.1.1",
      "resolved": "https://registry.npmjs.org/property-handlers/-/property-handlers-1.1.1.tgz",
      "integrity": "sha1-yyDTIqq32U//rCj0bJGGvVlHtLQ="
    },
    "q": {
      "version": "1.5.0",
      "resolved": "https://registry.npmjs.org/q/-/q-1.5.0.tgz",
      "integrity": "sha1-3QG6ydBtMObyGa7LglPunr3DCPE="
    },
    "raptor-async": {
      "version": "1.1.3",
      "resolved": "https://registry.npmjs.org/raptor-async/-/raptor-async-1.1.3.tgz",
      "integrity": "sha1-uDw8m2A9yYXCw6n3jStAc+b2Akw="
    },
    "raptor-json": {
      "version": "1.1.0",
      "resolved": "https://registry.npmjs.org/raptor-json/-/raptor-json-1.1.0.tgz",
      "integrity": "sha1-cL0JsU5k99MuxQzOg3fWApwPCHY=",
      "requires": {
        "raptor-strings": "^1.0.0"
      }
    },
    "raptor-polyfill": {
      "version": "1.0.2",
      "resolved": "https://registry.npmjs.org/raptor-polyfill/-/raptor-polyfill-1.0.2.tgz",
      "integrity": "sha1-ZXW852JUDYRAVtcc7xFmJIj1E+0="
    },
    "raptor-promises": {
      "version": "1.0.3",
      "resolved": "https://registry.npmjs.org/raptor-promises/-/raptor-promises-1.0.3.tgz",
      "integrity": "sha1-1XaxEOBCNlT3/fFyHijULk3DwOs=",
      "requires": {
        "q": "^1.0.1",
        "raptor-util": "^1.0.0"
      },
      "dependencies": {
        "raptor-util": {
          "version": "1.1.2",
          "resolved": "https://registry.npmjs.org/raptor-util/-/raptor-util-1.1.2.tgz",
          "integrity": "sha1-8u6AdqmuPq4uZWcuRqIgB0+i3/M="
        }
      }
    },
    "raptor-pubsub": {
      "version": "1.0.5",
      "resolved": "https://registry.npmjs.org/raptor-pubsub/-/raptor-pubsub-1.0.5.tgz",
      "integrity": "sha1-Fe4SoOUFnsFbcv+dYeyvn0IS70c=",
      "requires": {
        "events": "^1.0.2",
        "raptor-util": "^1.0.0"
      },
      "dependencies": {
        "raptor-util": {
          "version": "1.1.2",
          "resolved": "https://registry.npmjs.org/raptor-util/-/raptor-util-1.1.2.tgz",
          "integrity": "sha1-8u6AdqmuPq4uZWcuRqIgB0+i3/M="
        }
      }
    },
    "raptor-regexp": {
      "version": "1.0.1",
      "resolved": "https://registry.npmjs.org/raptor-regexp/-/raptor-regexp-1.0.1.tgz",
      "integrity": "sha1-7PD2bGZxwM2fXkjDcFAmxVCZlcA="
    },
    "raptor-strings": {
      "version": "1.0.2",
      "resolved": "https://registry.npmjs.org/raptor-strings/-/raptor-strings-1.0.2.tgz",
      "integrity": "sha1-ks4ssBU6/pBHDYA5oCVbTPM6tfw=",
      "requires": {
        "raptor-polyfill": "^1.0.1"
      }
    },
    "raptor-util": {
      "version": "3.2.0",
      "resolved": "https://registry.npmjs.org/raptor-util/-/raptor-util-3.2.0.tgz",
      "integrity": "sha1-I7DIA8jxrIocrmfZpjiLSRYcl1g="
    },
    "resolve-from": {
      "version": "2.0.0",
      "resolved": "https://registry.npmjs.org/resolve-from/-/resolve-from-2.0.0.tgz",
      "integrity": "sha1-lICrIOlP+h2egKgEx+oUdhGWa1c="
    },
    "rusha": {
      "version": "0.8.13",
      "resolved": "https://registry.npmjs.org/rusha/-/rusha-0.8.13.tgz",
      "integrity": "sha1-mghOe4YLF7/zAVuSxnpqM2GRUTo="
    },
    "safe-buffer": {
      "version": "5.1.2",
      "resolved": "https://registry.npmjs.org/safe-buffer/-/safe-buffer-5.1.2.tgz",
      "integrity": "sha512-Gd2UZBJDkXlY7GbJxfsE8/nvKkUEU1G38c1siN6QP6a9PT9MmHB8GnpscSmMJSoF8LOIrt8ud/wPtojys4G6+g=="
    },
    "simple-sha1": {
      "version": "2.1.1",
      "resolved": "https://registry.npmjs.org/simple-sha1/-/simple-sha1-2.1.1.tgz",
      "integrity": "sha512-pFMPd+I/lQkpf4wFUeS/sED5IqdIG1lUlrQviBMV4u4mz8BRAcB5fvUx5Ckfg3kBigEglAjHg7E9k/yy2KlCqA==",
      "requires": {
        "rusha": "^0.8.1"
      }
    },
    "source-map": {
      "version": "0.6.1",
      "resolved": "https://registry.npmjs.org/source-map/-/source-map-0.6.1.tgz",
      "integrity": "sha512-UjgapumWlbMhkBgzT7Ykc5YXUT46F0iKu8SGXq0bcwP5dz/h0Plj6enJqjz1Zbq2l5WaqYnrVbwWOWMyF3F47g==",
      "optional": true
    },
    "stackframe": {
      "version": "1.0.4",
      "resolved": "https://registry.npmjs.org/stackframe/-/stackframe-1.0.4.tgz",
      "integrity": "sha512-to7oADIniaYwS3MhtCa/sQhrxidCCQiF/qp4/m5iN3ipf0Y7Xlri0f6eG29r08aL7JYl8n32AF3Q5GYBZ7K8vw=="
    },
    "strip-json-comments": {
      "version": "2.0.1",
      "resolved": "https://registry.npmjs.org/strip-json-comments/-/strip-json-comments-2.0.1.tgz",
      "integrity": "sha1-PFMZQukIwml8DsNEhYwobHygpgo="
    },
    "symbol-observable": {
      "version": "1.2.0",
      "resolved": "https://registry.npmjs.org/symbol-observable/-/symbol-observable-1.2.0.tgz",
      "integrity": "sha512-e900nM8RRtGhlV36KGEU9k65K3mPb1WV70OdjfxlG2EAuM1noi/E/BaW/uMhL7bPEssK8QV57vN3esixjUvcXQ=="
    },
    "try-require": {
      "version": "1.2.1",
      "resolved": "https://registry.npmjs.org/try-require/-/try-require-1.2.1.tgz",
      "integrity": "sha1-NEiaLKwMCcHMEO2RugEVlNQzO+I="
    },
    "type-check": {
      "version": "0.3.2",
      "resolved": "https://registry.npmjs.org/type-check/-/type-check-0.3.2.tgz",
      "integrity": "sha1-WITKtRLPHTVeP7eE8wgEsrUg23I=",
      "requires": {
        "prelude-ls": "~1.1.2"
      }
    },
    "type-detect": {
      "version": "1.0.0",
      "resolved": "https://registry.npmjs.org/type-detect/-/type-detect-1.0.0.tgz",
      "integrity": "sha1-diIXzAbbJY7EiQihKY6LlRIejqI="
    },
    "uuid": {
      "version": "3.3.2",
      "resolved": "https://registry.npmjs.org/uuid/-/uuid-3.3.2.tgz",
      "integrity": "sha512-yXJmeNaw3DnnKAOKJE51sL/ZaYfWJRl1pK9dr19YFCu0ObS231AB1/LbqTKRAQ5kw8A90rA6fr4riOUpTZvQZA=="
    },
    "validator": {
      "version": "10.4.0",
      "resolved": "https://registry.npmjs.org/validator/-/validator-10.4.0.tgz",
      "integrity": "sha512-Q/wBy3LB1uOyssgNlXSRmaf22NxjvDNZM2MtIQ4jaEOAB61xsh1TQxsq1CgzUMBV1lDrVMogIh8GjG1DYW0zLg=="
    },
    "warp10": {
      "version": "1.3.6",
      "resolved": "https://registry.npmjs.org/warp10/-/warp10-1.3.6.tgz",
      "integrity": "sha512-7cijX+NprqPV+UGUZXZw1I15JFHPqoy65tNVvP6cL43Vlanpcm8hBYoQTuDYUHa5x90Bct4gHhRtqqOOkLhQkw=="
    },
    "wordwrap": {
      "version": "1.0.0",
      "resolved": "https://registry.npmjs.org/wordwrap/-/wordwrap-1.0.0.tgz",
      "integrity": "sha1-J1hIEIkUVqQXHI0CJkQa3pDLyus="
    },
    "zen-observable": {
      "version": "0.8.9",
      "resolved": "https://registry.npmjs.org/zen-observable/-/zen-observable-0.8.9.tgz",
      "integrity": "sha512-Y9kPzjGvIZ5jchSlqlCpBW3I82zBBL4z+ulXDRVA1NwsKzjt5kwAi+gOYIy0htNkfuehGZZtP5mRXHRV6TjDWw=="
    },
    "zen-observable-ts": {
      "version": "0.8.9",
      "resolved": "https://registry.npmjs.org/zen-observable-ts/-/zen-observable-ts-0.8.9.tgz",
      "integrity": "sha512-KJz2O8FxbAdAU5CSc8qZ1K2WYEJb1HxS6XDRF+hOJ1rOYcg6eTMmS9xYHCXzqZZzKw6BbXWyF4UpwSsBQnHJeA==",
      "requires": {
        "zen-observable": "^0.8.0"
      }
    }
  }
}
